
Microsoft Visual Studio Solution File, Format Version 12.00
# Visual Studio Version 17
VisualStudioVersion = 17.5.002.0
MinimumVisualStudioVersion = 10.0.40219.1
Project("{9A19103F-16F7-4668-BE54-9A1E7A4F7556}") = "api", "api\api.csproj", "{ACAB5420-14F6-4348-BB3C-6372B7E78710}"
EndProject
Project("{FAE04EC0-301F-11D3-BF4B-00C04F79EFBC}") = "StockMarketEntites", "StockMarketEntites\StockMarketEntites.csproj", "{A5D1EABE-6641-45B7-A171-AA3FA2A1826C}"
EndProject
Project("{FAE04EC0-301F-11D3-BF4B-00C04F79EFBC}") = "StockMarket.Ef", "StockMarket.Ef\StockMarket.Ef.csproj", "{DDFE5CE9-9B3B-4E6E-9B3A-B8BA35E367B0}"
EndProject
Global
	GlobalSection(SolutionConfigurationPlatforms) = preSolution
		Debug|Any CPU = Debug|Any CPU
		Release|Any CPU = Release|Any CPU
	EndGlobalSection
	GlobalSection(ProjectConfigurationPlatforms) = postSolution
		{ACAB5420-14F6-4348-BB3C-6372B7E78710}.Debug|Any CPU.ActiveCfg = Debug|Any CPU
		{ACAB5420-14F6-4348-BB3C-6372B7E78710}.Debug|Any CPU.Build.0 = Debug|Any CPU
		{ACAB5420-14F6-4348-BB3C-6372B7E78710}.Release|Any CPU.ActiveCfg = Release|Any CPU
		{ACAB5420-14F6-4348-BB3C-6372B7E78710}.Release|Any CPU.Build.0 = Release|Any CPU
		{A5D1EABE-6641-45B7-A171-AA3FA2A1826C}.Debug|Any CPU.ActiveCfg = Debug|Any CPU
		{A5D1EABE-6641-45B7-A171-AA3FA2A1826C}.Debug|Any CPU.Build.0 = Debug|Any CPU
		{A5D1EABE-6641-45B7-A171-AA3FA2A1826C}.Release|Any CPU.ActiveCfg = Release|Any CPU
		{A5D1EABE-6641-45B7-A171-AA3FA2A1826C}.Release|Any CPU.Build.0 = Release|Any CPU
		{DDFE5CE9-9B3B-4E6E-9B3A-B8BA35E367B0}.Debug|Any CPU.ActiveCfg = Debug|Any CPU
		{DDFE5CE9-9B3B-4E6E-9B3A-B8BA35E367B0}.Debug|Any CPU.Build.0 = Debug|Any CPU
		{DDFE5CE9-9B3B-4E6E-9B3A-B8BA35E367B0}.Release|Any CPU.ActiveCfg = Release|Any CPU
		{DDFE5CE9-9B3B-4E6E-9B3A-B8BA35E367B0}.Release|Any CPU.Build.0 = Release|Any CPU
	EndGlobalSection
	GlobalSection(SolutionProperties) = preSolution
		HideSolutionNode = FALSE
	EndGlobalSection
	GlobalSection(ExtensibilityGlobals) = postSolution
		SolutionGuid = {BBCBBFC7-0A66-4E2E-8D7E-520FFEEF61C8}
	EndGlobalSection
EndGlobal
